// !$*UTF8*$!
{
	archiveVersion = 1;
	classes = {
	};
	objectVersion = 46;
	objects = {

/* Begin PBXBuildFile section */
		81D9C8941DCC7B2F0066BBD1 /* AppDelegate.swift in Sources */ = {isa = PBXBuildFile; fileRef = 81D9C8931DCC7B2F0066BBD1 /* AppDelegate.swift */; };
		81D9C8961DCC7B2F0066BBD1 /* ViewController.swift in Sources */ = {isa = PBXBuildFile; fileRef = 81D9C8951DCC7B2F0066BBD1 /* ViewController.swift */; };
		81D9C8991DCC7B2F0066BBD1 /* Main.storyboard in Resources */ = {isa = PBXBuildFile; fileRef = 81D9C8971DCC7B2F0066BBD1 /* Main.storyboard */; };
		81D9C89B1DCC7B2F0066BBD1 /* Assets.xcassets in Resources */ = {isa = PBXBuildFile; fileRef = 81D9C89A1DCC7B2F0066BBD1 /* Assets.xcassets */; };
		81D9C89E1DCC7B2F0066BBD1 /* LaunchScreen.storyboard in Resources */ = {isa = PBXBuildFile; fileRef = 81D9C89C1DCC7B2F0066BBD1 /* LaunchScreen.storyboard */; };
		81D9C8A81DCC7B630066BBD1 /* WaterflowView.swift in Sources */ = {isa = PBXBuildFile; fileRef = 81D9C8A61DCC7B630066BBD1 /* WaterflowView.swift */; };
		81D9C8A91DCC7B630066BBD1 /* WaterflowViewCell.swift in Sources */ = {isa = PBXBuildFile; fileRef = 81D9C8A71DCC7B630066BBD1 /* WaterflowViewCell.swift */; };
		81D9C8AC1DCC984D0066BBD1 /* displayImage.png in Resources */ = {isa = PBXBuildFile; fileRef = 81D9C8AB1DCC984D0066BBD1 /* displayImage.png */; };
/* End PBXBuildFile section */

/* Begin PBXFileReference section */
		81D9C8901DCC7B2F0066BBD1 /* waterflow.app */ = {isa = PBXFileReference; explicitFileType = wrapper.application; includeInIndex = 0; path = waterflow.app; sourceTree = BUILT_PRODUCTS_DIR; };
		81D9C8931DCC7B2F0066BBD1 /* AppDelegate.swift */ = {isa = PBXFileReference; lastKnownFileType = sourcecode.swift; path = AppDelegate.swift; sourceTree = "<group>"; };
		81D9C8951DCC7B2F0066BBD1 /* ViewController.swift */ = {isa = PBXFileReference; lastKnownFileType = sourcecode.swift; path = ViewController.swift; sourceTree = "<group>"; };
		81D9C8981DCC7B2F0066BBD1 /* Base */ = {isa = PBXFileReference; lastKnownFileType = file.storyboard; name = Base; path = Base.lproj/Main.storyboard; sourceTree = "<group>"; };
		81D9C89A1DCC7B2F0066BBD1 /* Assets.xcassets */ = {isa = PBXFileReference; lastKnownFileType = folder.assetcatalog; path = Assets.xcassets; sourceTree = "<group>"; };
		81D9C89D1DCC7B2F0066BBD1 /* Base */ = {isa = PBXFileReference; lastKnownFileType = file.storyboard; name = Base; path = Base.lproj/LaunchScreen.storyboard; sourceTree = "<group>"; };
		81D9C89F1DCC7B2F0066BBD1 /* Info.plist */ = {isa = PBXFileReference; lastKnownFileType = text.plist.xml; path = Info.plist; sourceTree = "<group>"; };
		81D9C8A61DCC7B630066BBD1 /* WaterflowView.swift */ = {isa = PBXFileReference; fileEncoding = 4; lastKnownFileType = sourcecode.swift; path = WaterflowView.swift; sourceTree = "<group>"; };
		81D9C8A71DCC7B630066BBD1 /* WaterflowViewCell.swift */ = {isa = PBXFileReference; fileEncoding = 4; lastKnownFileType = sourcecode.swift; path = WaterflowViewCell.swift; sourceTree = "<group>"; };
		81D9C8AB1DCC984D0066BBD1 /* displayImage.png */ = {isa = PBXFileReference; lastKnownFileType = image.png; path = displayImage.png; sourceTree = "<group>"; };
/* End PBXFileReference section */

/* Begin PBXFrameworksBuildPhase section */
		81D9C88D1DCC7B2F0066BBD1 /* Frameworks */ = {
			isa = PBXFrameworksBuildPhase;
			buildActionMask = 2147483647;
			files = (
			);
			runOnlyForDeploymentPostprocessing = 0;
		};
/* End PBXFrameworksBuildPhase section */

/* Begin PBXGroup section */
		81D9C8871DCC7B2F0066BBD1 = {
			isa = PBXGroup;
			children = (
				81D9C8921DCC7B2F0066BBD1 /* waterflow */,
				81D9C8911DCC7B2F0066BBD1 /* Products */,
			);
			sourceTree = "<group>";
		};
		81D9C8911DCC7B2F0066BBD1 /* Products */ = {
			isa = PBXGroup;
			children = (
				81D9C8901DCC7B2F0066BBD1 /* waterflow.app */,
			);
			name = Products;
			sourceTree = "<group>";
		};
		81D9C8921DCC7B2F0066BBD1 /* waterflow */ = {
			isa = PBXGroup;
			children = (
				81D9C8AA1DCC98200066BBD1 /* Resource */,
				81D9C8A51DCC7B630066BBD1 /* Waterflow */,
				81D9C8931DCC7B2F0066BBD1 /* AppDelegate.swift */,
				81D9C8951DCC7B2F0066BBD1 /* ViewController.swift */,
				81D9C8971DCC7B2F0066BBD1 /* Main.storyboard */,
				81D9C89A1DCC7B2F0066BBD1 /* Assets.xcassets */,
				81D9C89C1DCC7B2F0066BBD1 /* LaunchScreen.storyboard */,
				81D9C89F1DCC7B2F0066BBD1 /* Info.plist */,
			);
			path = waterflow;
			sourceTree = "<group>";
		};
		81D9C8A51DCC7B630066BBD1 /* Waterflow */ = {
			isa = PBXGroup;
			children = (
				81D9C8A61DCC7B630066BBD1 /* WaterflowView.swift */,
				81D9C8A71DCC7B630066BBD1 /* WaterflowViewCell.swift */,
			);
			path = Waterflow;
			sourceTree = "<group>";
		};
		81D9C8AA1DCC98200066BBD1 /* Resource */ = {
			isa = PBXGroup;
			children = (
				81D9C8AB1DCC984D0066BBD1 /* displayImage.png */,
			);
			name = Resource;
			sourceTree = "<group>";
		};
/* End PBXGroup section */

/* Begin PBXNativeTarget section */
		81D9C88F1DCC7B2F0066BBD1 /* waterflow */ = {
			isa = PBXNativeTarget;
			buildConfigurationList = 81D9C8A21DCC7B2F0066BBD1 /* Build configuration list for PBXNativeTarget "waterflow" */;
			buildPhases = (
				81D9C88C1DCC7B2F0066BBD1 /* Sources */,
				81D9C88D1DCC7B2F0066BBD1 /* Frameworks */,
				81D9C88E1DCC7B2F0066BBD1 /* Resources */,
			);
			buildRules = (
			);
			dependencies = (
			);
			name = waterflow;
			productName = waterflow;
			productReference = 81D9C8901DCC7B2F0066BBD1 /* waterflow.app */;
			productType = "com.apple.product-type.application";
		};
/* End PBXNativeTarget section */

/* Begin PBXProject section */
		81D9C8881DCC7B2F0066BBD1 /* Project object */ = {
			isa = PBXProject;
			attributes = {
				LastSwiftUpdateCheck = 0800;
				LastUpgradeCheck = 0800;
				ORGANIZATIONNAME = Ama;
				TargetAttributes = {
					81D9C88F1DCC7B2F0066BBD1 = {
						CreatedOnToolsVersion = 8.0;
						DevelopmentTeam = 6ZTMT7BFHK;
						ProvisioningStyle = Automatic;
					};
				};
			};
			buildConfigurationList = 81D9C88B1DCC7B2F0066BBD1 /* Build configuration list for PBXProject "waterflow" */;
			compatibilityVersion = "Xcode 3.2";
			developmentRegion = English;
			hasScannedForEncodings = 0;
			knownRegions = (
				en,
				Base,
			);
			mainGroup = 81D9C8871DCC7B2F0066BBD1;
			productRefGroup = 81D9C8911DCC7B2F0066BBD1 /* Products */;
			projectDirPath = "";
			projectRoot = "";
			targets = (
				81D9C88F1DCC7B2F0066BBD1 /* waterflow */,
			);
		};
/* End PBXProject section */

/* Begin PBXResourcesBuildPhase section */
		81D9C88E1DCC7B2F0066BBD1 /* Resources */ = {
			isa = PBXResourcesBuildPhase;
			buildActionMask = 2147483647;
			files = (
				81D9C8AC1DCC984D0066BBD1 /* displayImage.png in Resources */,
				81D9C89E1DCC7B2F0066BBD1 /* LaunchScreen.storyboard in Resources */,
				81D9C89B1DCC7B2F0066BBD1 /* Assets.xcassets in Resources */,
				81D9C8991DCC7B2F0066BBD1 /* Main.storyboard in Resources */,
			);
			runOnlyForDeploymentPostprocessing = 0;
		};
/* End PBXResourcesBuildPhase section */

/* Begin PBXSourcesBuildPhase section */
		81D9C88C1DCC7B2F0066BBD1 /* Sources */ = {
			isa = PBXSourcesBuildPhase;
			buildActionMask = 2147483647;
			files = (
				81D9C8A91DCC7B630066BBD1 /* WaterflowViewCell.swift in Sources */,
				81D9C8A81DCC7B630066BBD1 /* WaterflowView.swift in Sources */,
				81D9C8961DCC7B2F0066BBD1 /* ViewController.swift in Sources */,
				81D9C8941DCC7B2F0066BBD1 /* AppDelegate.swift in Sources */,
			);
			runOnlyForDeploymentPostprocessing = 0;
		};
/* End PBXSourcesBuildPhase section */

/* Begin PBXVariantGroup section */
		81D9C8971DCC7B2F0066BBD1 /* Main.storyboard */ = {
			isa = PBXVariantGroup;
			children = (
				81D9C8981DCC7B2F0066BBD1 /* Base */,
			);
			name = Main.storyboard;
			sourceTree = "<group>";
		};
		81D9C89C1DCC7B2F0066BBD1 /* LaunchScreen.storyboard */ = {
			isa = PBXVariantGroup;
			children = (
				81D9C89D1DCC7B2F0066BBD1 /* Base */,
			);
			name = LaunchScreen.storyboard;
			sourceTree = "<group>";
		};
/* End PBXVariantGroup section */

/* Begin XCBuildConfiguration section */
		81D9C8A01DCC7B2F0066BBD1 /* Debug */ = {
			isa = XCBuildConfiguration;
			buildSettings = {
				ALWAYS_SEARCH_USER_PATHS = NO;
				CLANG_ANALYZER_NONNULL = YES;
				CLANG_CXX_LANGUAGE_STANDARD = "gnu++0x";
				CLANG_CXX_LIBRARY = "libc++";
				CLANG_ENABLE_MODULES = YES;
				CLANG_ENABLE_OBJC_ARC = YES;
				CLANG_WARN_BOOL_CONVERSION = YES;
				CLANG_WARN_CONSTANT_CONVERSION = YES;
				CLANG_WARN_DIRECT_OBJC_ISA_USAGE = YES_ERROR;
				CLANG_WARN_DOCUMENTATION_COMMENTS = YES;
				CLANG_WARN_EMPTY_BODY = YES;
				CLANG_WARN_ENUM_CONVERSION = YES;
				CLANG_WARN_INFINITE_RECURSION = YES;
				CLANG_WARN_INT_CONVERSION = YES;
				CLANG_WARN_OBJC_ROOT_CLASS = YES_ERROR;
				CLANG_WARN_SUSPICIOUS_MOVES = YES;
				CLANG_WARN_UNREACHABLE_CODE = YES;
				CLANG_WARN__DUPLICATE_METHOD_MATCH = YES;
				"CODE_SIGN_IDENTITY[sdk=iphoneos*]" = "iPhone Developer";
				COPY_PHASE_STRIP = NO;
				DEBUG_INFORMATION_FORMAT = dwarf;
				ENABLE_STRICT_OBJC_MSGSEND = YES;
				ENABLE_TESTABILITY = YES;
				GCC_C_LANGUAGE_STANDARD = gnu99;
				GCC_DYNAMIC_NO_PIC = NO;
				GCC_NO_COMMON_BLOCKS = YES;
				GCC_OPTIMIZATION_LEVEL = 0;
				GCC_PREPROCESSOR_DEFINITIONS = (
					"DEBUG=1",
					"$(inherited)",
				);
				GCC_WARN_64_TO_32_BIT_CONVERSION = YES;
				GCC_WARN_ABOUT_RETURN_TYPE = YES_ERROR;
				GCC_WARN_UNDECLARED_SELECTOR = YES;
				GCC_WARN_UNINITIALIZED_AUTOS = YES_AGGRESSIVE;
				GCC_WARN_UNUSED_FUNCTION = YES;
				GCC_WARN_UNUSED_VARIABLE = YES;
				IPHONEOS_DEPLOYMENT_TARGET = 10.0;
				MTL_ENABLE_DEBUG_INFO = YES;
				ONLY_ACTIVE_ARCH = YES;
				SDKROOT = iphoneos;
				SWIFT_ACTIVE_COMPILATION_CONDITIONS = DEBUG;
				SWIFT_OPTIMIZATION_LEVEL = "-Onone";
			};
			name = Debug;
		};
		81D9C8A11DCC7B2F0066BBD1 /* Release */ = {
			isa = XCBuildConfiguration;
			buildSettings = {
				ALWAYS_SEARCH_USER_PATHS = NO;
				CLANG_ANALYZER_NONNULL = YES;
				CLANG_CXX_LANGUAGE_STANDARD = "gnu++0x";
				CLANG_CXX_LIBRARY = "libc++";
				CLANG_ENABLE_MODULES = YES;
				CLANG_ENABLE_OBJC_ARC = YES;
				CLANG_WARN_BOOL_CONVERSION = YES;
				CLANG_WARN_CONSTANT_CONVERSION = YES;
				CLANG_WARN_DIRECT_OBJC_ISA_USAGE = YES_ERROR;
				CLANG_WARN_DOCUMENTATION_COMMENTS = YES;
				CLANG_WARN_EMPTY_BODY = YES;
				CLANG_WARN_ENUM_CONVERSION = YES;
				CLANG_WARN_INFINITE_RECURSION = YES;
				CLANG_WARN_INT_CONVERSION = YES;
				CLANG_WARN_OBJC_ROOT_CLASS = YES_ERROR;
				CLANG_WARN_SUSPICIOUS_MOVES = YES;
				CLANG_WARN_UNREACHABLE_CODE = YES;
				CLANG_WARN__DUPLICATE_METHOD_MATCH = YES;
				"CODE_SIGN_IDENTITY[sdk=iphoneos*]" = "iPhone Developer";
				COPY_PHASE_STRIP = NO;
				DEBUG_INFORMATION_FORMAT = "dwarf-with-dsym";
				ENABLE_NS_ASSERTIONS = NO;
				ENABLE_STRICT_OBJC_MSGSEND = YES;
				GCC_C_LANGUAGE_STANDARD = gnu99;
				GCC_NO_COMMON_BLOCKS = YES;
				GCC_WARN_64_TO_32_BIT_CONVERSION = YES;
				GCC_WARN_ABOUT_RETURN_TYPE = YES_ERROR;
				GCC_WARN_UNDECLARED_SELECTOR = YES;
				GCC_WARN_UNINITIALIZED_AUTOS = YES_AGGRESSIVE;
				GCC_WARN_UNUSED_FUNCTION = YES;
				GCC_WARN_UNUSED_VARIABLE = YES;
				IPHONEOS_DEPLOYMENT_TARGET = 10.0;
				MTL_ENABLE_DEBUG_INFO = NO;
				SDKROOT = iphoneos;
				SWIFT_OPTIMIZATION_LEVEL = "-Owholemodule";
				VALIDATE_PRODUCT = YES;
			};
			name = Release;
		};
		81D9C8A31DCC7B2F0066BBD1 /* Debug */ = {
			isa = XCBuildConfiguration;
			buildSettings = {
				ASSETCATALOG_COMPILER_APPICON_NAME = AppIcon;
				DEVELOPMENT_TEAM = 6ZTMT7BFHK;
				INFOPLIST_FILE = waterflow/Info.plist;
				IPHONEOS_DEPLOYMENT_TARGET = 8.0;
				LD_RUNPATH_SEARCH_PATHS = "$(inherited) @executable_path/Frameworks";
				PRODUCT_BUNDLE_IDENTIFIER = Ama.waterflow;
				PRODUCT_NAME = "$(TARGET_NAME)";
				SWIFT_VERSION = 3.0;
			};
			name = Debug;
		};
		81D9C8A41DCC7B2F0066BBD1 /* Release */ = {
			isa = XCBuildConfiguration;
			buildSettings = {
				ASSETCATALOG_COMPILER_APPICON_NAME = AppIcon;
				DEVELOPMENT_TEAM = 6ZTMT7BFHK;
				INFOPLIST_FILE = waterflow/Info.plist;
				IPHONEOS_DEPLOYMENT_TARGET = 8.0;
				LD_RUNPATH_SEARCH_PATHS = "$(inherited) @executable_path/Frameworks";
				PRODUCT_BUNDLE_IDENTIFIER = Ama.waterflow;
				PRODUCT_NAME = "$(TARGET_NAME)";
				SWIFT_VERSION = 3.0;
			};
			name = Release;
		};
/* End XCBuildConfiguration section */

/* Begin XCConfigurationList section */
		81D9C88B1DCC7B2F0066BBD1 /* Build configuration list for PBXProject "waterflow" */ = {
			isa = XCConfigurationList;
			buildConfigurations = (
				81D9C8A01DCC7B2F0066BBD1 /* Debug */,
				81D9C8A11DCC7B2F0066BBD1 /* Release */,
			);
			defaultConfigurationIsVisible = 0;
			defaultConfigurationName = Release;
		};
		81D9C8A21DCC7B2F0066BBD1 /* Build configuration list for PBXNativeTarget "waterflow" */ = {
			isa = XCConfigurationList;
			buildConfigurations = (
				81D9C8A31DCC7B2F0066BBD1 /* Debug */,
				81D9C8A41DCC7B2F0066BBD1 /* Release */,
			);
			defaultConfigurationIsVisible = 0;
		};
/* End XCConfigurationList section */
	};
	rootObject = 81D9C8881DCC7B2F0066BBD1 /* Project object */;
}
